
Microsoft Visual Studio Solution File, Format Version 12.00
# Visual Studio Version 17
VisualStudioVersion = 17.4.33205.214
MinimumVisualStudioVersion = 10.0.40219.1
Project("{FAE04EC0-301F-11D3-BF4B-00C04F79EFBC}") = "FichaCadastroApi", "FichaCadastroApi\FichaCadastroApi.csproj", "{CE670725-DBF1-4C9F-B759-484BE5BFE077}"
EndProject
Project("{FAE04EC0-301F-11D3-BF4B-00C04F79EFBC}") = "FichaCadastroWorkerService", "FichaCadastroWorkerService\FichaCadastroWorkerService.csproj", "{A985355B-030E-4889-A76F-2EB97E7F5D0F}"
EndProject
Project("{FAE04EC0-301F-11D3-BF4B-00C04F79EFBC}") = "FichaCadastroRabbitMQ", "FichaCadastroRabbitMQ\FichaCadastroRabbitMQ.csproj", "{5254B871-4611-4855-93D7-4B6BD22215BE}"
EndProject
Global
	GlobalSection(SolutionConfigurationPlatforms) = preSolution
		Debug|Any CPU = Debug|Any CPU
		Release|Any CPU = Release|Any CPU
	EndGlobalSection
	GlobalSection(ProjectConfigurationPlatforms) = postSolution
		{CE670725-DBF1-4C9F-B759-484BE5BFE077}.Debug|Any CPU.ActiveCfg = Debug|Any CPU
		{CE670725-DBF1-4C9F-B759-484BE5BFE077}.Debug|Any CPU.Build.0 = Debug|Any CPU
		{CE670725-DBF1-4C9F-B759-484BE5BFE077}.Release|Any CPU.ActiveCfg = Release|Any CPU
		{CE670725-DBF1-4C9F-B759-484BE5BFE077}.Release|Any CPU.Build.0 = Release|Any CPU
		{A985355B-030E-4889-A76F-2EB97E7F5D0F}.Debug|Any CPU.ActiveCfg = Debug|Any CPU
		{A985355B-030E-4889-A76F-2EB97E7F5D0F}.Debug|Any CPU.Build.0 = Debug|Any CPU
		{A985355B-030E-4889-A76F-2EB97E7F5D0F}.Release|Any CPU.ActiveCfg = Release|Any CPU
		{A985355B-030E-4889-A76F-2EB97E7F5D0F}.Release|Any CPU.Build.0 = Release|Any CPU
		{5254B871-4611-4855-93D7-4B6BD22215BE}.Debug|Any CPU.ActiveCfg = Debug|Any CPU
		{5254B871-4611-4855-93D7-4B6BD22215BE}.Debug|Any CPU.Build.0 = Debug|Any CPU
		{5254B871-4611-4855-93D7-4B6BD22215BE}.Release|Any CPU.ActiveCfg = Release|Any CPU
		{5254B871-4611-4855-93D7-4B6BD22215BE}.Release|Any CPU.Build.0 = Release|Any CPU
	EndGlobalSection
	GlobalSection(SolutionProperties) = preSolution
		HideSolutionNode = FALSE
	EndGlobalSection
	GlobalSection(ExtensibilityGlobals) = postSolution
		SolutionGuid = {82ABE9B1-D6D4-4B6E-80B2-420565A78031}
	EndGlobalSection
EndGlobal
